
Microsoft Visual Studio Solution File, Format Version 12.00
# Visual Studio Version 17
VisualStudioVersion = 17.12.35527.113
MinimumVisualStudioVersion = 10.0.40219.1
Project("{FAE04EC0-301F-11D3-BF4B-00C04F79EFBC}") = "MrKatsuWeb", "MrKatsuWeb\MrKatsuWeb.csproj", "{A0828939-D050-417C-9582-718869C03565}"
EndProject
Project("{FAE04EC0-301F-11D3-BF4B-00C04F79EFBC}") = "MrKatsuWeb.Data", "MrKatsuWeb.Data\MrKatsuWeb.Data.csproj", "{F0B61993-6EAD-454A-9CB1-BC3B3DDB8BC1}"
EndProject
Project("{FAE04EC0-301F-11D3-BF4B-00C04F79EFBC}") = "MrKatsuWeb.Common", "MrKatsuWeb.Common\MrKatsuWeb.Common.csproj", "{A7EB8C27-AEA6-4F1C-8982-CDA5AE064F4F}"
EndProject
Project("{FAE04EC0-301F-11D3-BF4B-00C04F79EFBC}") = "MrKatsuWeb.DTO", "MrKatsuWeb.DTO\MrKatsuWeb.DTO.csproj", "{ACD4AC5B-190C-40F0-806F-45F085B395A6}"
EndProject
Project("{FAE04EC0-301F-11D3-BF4B-00C04F79EFBC}") = "MrKatsuWeb.Application", "MrKatsuWeb.Application\MrKatsuWeb.Application.csproj", "{61A6098C-99F0-4C56-9E1D-DF0E61D0122D}"
EndProject
Global
	GlobalSection(SolutionConfigurationPlatforms) = preSolution
		Debug|Any CPU = Debug|Any CPU
		Release|Any CPU = Release|Any CPU
	EndGlobalSection
	GlobalSection(ProjectConfigurationPlatforms) = postSolution
		{A0828939-D050-417C-9582-718869C03565}.Debug|Any CPU.ActiveCfg = Debug|Any CPU
		{A0828939-D050-417C-9582-718869C03565}.Debug|Any CPU.Build.0 = Debug|Any CPU
		{A0828939-D050-417C-9582-718869C03565}.Release|Any CPU.ActiveCfg = Release|Any CPU
		{A0828939-D050-417C-9582-718869C03565}.Release|Any CPU.Build.0 = Release|Any CPU
		{F0B61993-6EAD-454A-9CB1-BC3B3DDB8BC1}.Debug|Any CPU.ActiveCfg = Debug|Any CPU
		{F0B61993-6EAD-454A-9CB1-BC3B3DDB8BC1}.Debug|Any CPU.Build.0 = Debug|Any CPU
		{F0B61993-6EAD-454A-9CB1-BC3B3DDB8BC1}.Release|Any CPU.ActiveCfg = Release|Any CPU
		{F0B61993-6EAD-454A-9CB1-BC3B3DDB8BC1}.Release|Any CPU.Build.0 = Release|Any CPU
		{A7EB8C27-AEA6-4F1C-8982-CDA5AE064F4F}.Debug|Any CPU.ActiveCfg = Debug|Any CPU
		{A7EB8C27-AEA6-4F1C-8982-CDA5AE064F4F}.Debug|Any CPU.Build.0 = Debug|Any CPU
		{A7EB8C27-AEA6-4F1C-8982-CDA5AE064F4F}.Release|Any CPU.ActiveCfg = Release|Any CPU
		{A7EB8C27-AEA6-4F1C-8982-CDA5AE064F4F}.Release|Any CPU.Build.0 = Release|Any CPU
		{ACD4AC5B-190C-40F0-806F-45F085B395A6}.Debug|Any CPU.ActiveCfg = Debug|Any CPU
		{ACD4AC5B-190C-40F0-806F-45F085B395A6}.Debug|Any CPU.Build.0 = Debug|Any CPU
		{ACD4AC5B-190C-40F0-806F-45F085B395A6}.Release|Any CPU.ActiveCfg = Release|Any CPU
		{ACD4AC5B-190C-40F0-806F-45F085B395A6}.Release|Any CPU.Build.0 = Release|Any CPU
		{61A6098C-99F0-4C56-9E1D-DF0E61D0122D}.Debug|Any CPU.ActiveCfg = Debug|Any CPU
		{61A6098C-99F0-4C56-9E1D-DF0E61D0122D}.Debug|Any CPU.Build.0 = Debug|Any CPU
		{61A6098C-99F0-4C56-9E1D-DF0E61D0122D}.Release|Any CPU.ActiveCfg = Release|Any CPU
		{61A6098C-99F0-4C56-9E1D-DF0E61D0122D}.Release|Any CPU.Build.0 = Release|Any CPU
	EndGlobalSection
	GlobalSection(SolutionProperties) = preSolution
		HideSolutionNode = FALSE
	EndGlobalSection
EndGlobal
